
Microsoft Visual Studio Solution File, Format Version 12.00
# Visual Studio Version 17
VisualStudioVersion = 17.1.32414.318
MinimumVisualStudioVersion = 10.0.40219.1
Project("{FAE04EC0-301F-11D3-BF4B-00C04F79EFBC}") = "gestionPedidos", "gestionPedidos\gestionPedidos.csproj", "{68F50259-B224-4A3D-83DA-EA868CB7697E}"
EndProject
Global
	GlobalSection(SolutionConfigurationPlatforms) = preSolution
		Debug|Any CPU = Debug|Any CPU
		Release|Any CPU = Release|Any CPU
	EndGlobalSection
	GlobalSection(ProjectConfigurationPlatforms) = postSolution
		{68F50259-B224-4A3D-83DA-EA868CB7697E}.Debug|Any CPU.ActiveCfg = Debug|Any CPU
		{68F50259-B224-4A3D-83DA-EA868CB7697E}.Debug|Any CPU.Build.0 = Debug|Any CPU
		{68F50259-B224-4A3D-83DA-EA868CB7697E}.Release|Any CPU.ActiveCfg = Release|Any CPU
		{68F50259-B224-4A3D-83DA-EA868CB7697E}.Release|Any CPU.Build.0 = Release|Any CPU
	EndGlobalSection
	GlobalSection(SolutionProperties) = preSolution
		HideSolutionNode = FALSE
	EndGlobalSection
	GlobalSection(ExtensibilityGlobals) = postSolution
		SolutionGuid = {E645CE12-4A4B-4408-8037-6706B8D51A87}
	EndGlobalSection
EndGlobal
